// !$*UTF8*$!
{
	archiveVersion = 1;
	classes = {
	};
	objectVersion = 50;
	objects = {

/* Begin PBXBuildFile section */
		E76B8CD023C658DE00124158 /* AppDelegate.swift in Sources */ = {isa = PBXBuildFile; fileRef = E76B8CCF23C658DE00124158 /* AppDelegate.swift */; };
		E76B8CD223C658DE00124158 /* SceneDelegate.swift in Sources */ = {isa = PBXBuildFile; fileRef = E76B8CD123C658DE00124158 /* SceneDelegate.swift */; };
		E76B8CD523C658DE00124158 /* Salad_Bowl.xcdatamodeld in Sources */ = {isa = PBXBuildFile; fileRef = E76B8CD323C658DE00124158 /* Salad_Bowl.xcdatamodeld */; };
		E76B8CD923C658E200124158 /* Assets.xcassets in Resources */ = {isa = PBXBuildFile; fileRef = E76B8CD823C658E200124158 /* Assets.xcassets */; };
		E76B8CDC23C658E200124158 /* Preview Assets.xcassets in Resources */ = {isa = PBXBuildFile; fileRef = E76B8CDB23C658E200124158 /* Preview Assets.xcassets */; };
		E76B8CDF23C658E200124158 /* LaunchScreen.storyboard in Resources */ = {isa = PBXBuildFile; fileRef = E76B8CDD23C658E200124158 /* LaunchScreen.storyboard */; };
		E76B8CEA23C658E200124158 /* Salad_BowlTests.swift in Sources */ = {isa = PBXBuildFile; fileRef = E76B8CE923C658E200124158 /* Salad_BowlTests.swift */; };
		E76B8CF523C658E200124158 /* Salad_BowlUITests.swift in Sources */ = {isa = PBXBuildFile; fileRef = E76B8CF423C658E200124158 /* Salad_BowlUITests.swift */; };
		E76B8D0323C6937F00124158 /* HomeView.swift in Sources */ = {isa = PBXBuildFile; fileRef = E76B8D0223C6937F00124158 /* HomeView.swift */; };
/* End PBXBuildFile section */

/* Begin PBXContainerItemProxy section */
		E76B8CE623C658E200124158 /* PBXContainerItemProxy */ = {
			isa = PBXContainerItemProxy;
			containerPortal = E76B8CC423C658DE00124158 /* Project object */;
			proxyType = 1;
			remoteGlobalIDString = E76B8CCB23C658DE00124158;
			remoteInfo = "Salad Bowl";
		};
		E76B8CF123C658E200124158 /* PBXContainerItemProxy */ = {
			isa = PBXContainerItemProxy;
			containerPortal = E76B8CC423C658DE00124158 /* Project object */;
			proxyType = 1;
			remoteGlobalIDString = E76B8CCB23C658DE00124158;
			remoteInfo = "Salad Bowl";
		};
/* End PBXContainerItemProxy section */

/* Begin PBXFileReference section */
		E76B8CCC23C658DE00124158 /* Salad Bowl.app */ = {isa = PBXFileReference; explicitFileType = wrapper.application; includeInIndex = 0; path = "Salad Bowl.app"; sourceTree = BUILT_PRODUCTS_DIR; };
		E76B8CCF23C658DE00124158 /* AppDelegate.swift */ = {isa = PBXFileReference; lastKnownFileType = sourcecode.swift; path = AppDelegate.swift; sourceTree = "<group>"; };
		E76B8CD123C658DE00124158 /* SceneDelegate.swift */ = {isa = PBXFileReference; lastKnownFileType = sourcecode.swift; path = SceneDelegate.swift; sourceTree = "<group>"; };
		E76B8CD423C658DE00124158 /* Salad_Bowl.xcdatamodel */ = {isa = PBXFileReference; lastKnownFileType = wrapper.xcdatamodel; path = Salad_Bowl.xcdatamodel; sourceTree = "<group>"; };
		E76B8CD823C658E200124158 /* Assets.xcassets */ = {isa = PBXFileReference; lastKnownFileType = folder.assetcatalog; path = Assets.xcassets; sourceTree = "<group>"; };
		E76B8CDB23C658E200124158 /* Preview Assets.xcassets */ = {isa = PBXFileReference; lastKnownFileType = folder.assetcatalog; path = "Preview Assets.xcassets"; sourceTree = "<group>"; };
		E76B8CDE23C658E200124158 /* Base */ = {isa = PBXFileReference; lastKnownFileType = file.storyboard; name = Base; path = Base.lproj/LaunchScreen.storyboard; sourceTree = "<group>"; };
		E76B8CE023C658E200124158 /* Info.plist */ = {isa = PBXFileReference; lastKnownFileType = text.plist.xml; path = Info.plist; sourceTree = "<group>"; };
		E76B8CE523C658E200124158 /* Salad BowlTests.xctest */ = {isa = PBXFileReference; explicitFileType = wrapper.cfbundle; includeInIndex = 0; path = "Salad BowlTests.xctest"; sourceTree = BUILT_PRODUCTS_DIR; };
		E76B8CE923C658E200124158 /* Salad_BowlTests.swift */ = {isa = PBXFileReference; lastKnownFileType = sourcecode.swift; path = Salad_BowlTests.swift; sourceTree = "<group>"; };
		E76B8CEB23C658E200124158 /* Info.plist */ = {isa = PBXFileReference; lastKnownFileType = text.plist.xml; path = Info.plist; sourceTree = "<group>"; };
		E76B8CF023C658E200124158 /* Salad BowlUITests.xctest */ = {isa = PBXFileReference; explicitFileType = wrapper.cfbundle; includeInIndex = 0; path = "Salad BowlUITests.xctest"; sourceTree = BUILT_PRODUCTS_DIR; };
		E76B8CF423C658E200124158 /* Salad_BowlUITests.swift */ = {isa = PBXFileReference; lastKnownFileType = sourcecode.swift; path = Salad_BowlUITests.swift; sourceTree = "<group>"; };
		E76B8CF623C658E200124158 /* Info.plist */ = {isa = PBXFileReference; lastKnownFileType = text.plist.xml; path = Info.plist; sourceTree = "<group>"; };
		E76B8D0223C6937F00124158 /* HomeView.swift */ = {isa = PBXFileReference; lastKnownFileType = sourcecode.swift; path = HomeView.swift; sourceTree = "<group>"; };
/* End PBXFileReference section */

/* Begin PBXFrameworksBuildPhase section */
		E76B8CC923C658DE00124158 /* Frameworks */ = {
			isa = PBXFrameworksBuildPhase;
			buildActionMask = 2147483647;
			files = (
			);
			runOnlyForDeploymentPostprocessing = 0;
		};
		E76B8CE223C658E200124158 /* Frameworks */ = {
			isa = PBXFrameworksBuildPhase;
			buildActionMask = 2147483647;
			files = (
			);
			runOnlyForDeploymentPostprocessing = 0;
		};
		E76B8CED23C658E200124158 /* Frameworks */ = {
			isa = PBXFrameworksBuildPhase;
			buildActionMask = 2147483647;
			files = (
			);
			runOnlyForDeploymentPostprocessing = 0;
		};
/* End PBXFrameworksBuildPhase section */

/* Begin PBXGroup section */
		E76B8CC323C658DE00124158 = {
			isa = PBXGroup;
			children = (
				E76B8CCE23C658DE00124158 /* Salad Bowl */,
				E76B8CE823C658E200124158 /* Salad BowlTests */,
				E76B8CF323C658E200124158 /* Salad BowlUITests */,
				E76B8CCD23C658DE00124158 /* Products */,
			);
			sourceTree = "<group>";
		};
		E76B8CCD23C658DE00124158 /* Products */ = {
			isa = PBXGroup;
			children = (
				E76B8CCC23C658DE00124158 /* Salad Bowl.app */,
				E76B8CE523C658E200124158 /* Salad BowlTests.xctest */,
				E76B8CF023C658E200124158 /* Salad BowlUITests.xctest */,
			);
			name = Products;
			sourceTree = "<group>";
		};
		E76B8CCE23C658DE00124158 /* Salad Bowl */ = {
			isa = PBXGroup;
			children = (
				E76B8CCF23C658DE00124158 /* AppDelegate.swift */,
				E76B8CD123C658DE00124158 /* SceneDelegate.swift */,
				E76B8D0223C6937F00124158 /* HomeView.swift */,
				E76B8CD823C658E200124158 /* Assets.xcassets */,
				E76B8CDD23C658E200124158 /* LaunchScreen.storyboard */,
				E76B8CE023C658E200124158 /* Info.plist */,
				E76B8CD323C658DE00124158 /* Salad_Bowl.xcdatamodeld */,
				E76B8CDA23C658E200124158 /* Preview Content */,
			);
			path = "Salad Bowl";
			sourceTree = "<group>";
		};
		E76B8CDA23C658E200124158 /* Preview Content */ = {
			isa = PBXGroup;
			children = (
				E76B8CDB23C658E200124158 /* Preview Assets.xcassets */,
			);
			path = "Preview Content";
			sourceTree = "<group>";
		};
		E76B8CE823C658E200124158 /* Salad BowlTests */ = {
			isa = PBXGroup;
			children = (
				E76B8CE923C658E200124158 /* Salad_BowlTests.swift */,
				E76B8CEB23C658E200124158 /* Info.plist */,
			);
			path = "Salad BowlTests";
			sourceTree = "<group>";
		};
		E76B8CF323C658E200124158 /* Salad BowlUITests */ = {
			isa = PBXGroup;
			children = (
				E76B8CF423C658E200124158 /* Salad_BowlUITests.swift */,
				E76B8CF623C658E200124158 /* Info.plist */,
			);
			path = "Salad BowlUITests";
			sourceTree = "<group>";
		};
/* End PBXGroup section */

/* Begin PBXNativeTarget section */
		E76B8CCB23C658DE00124158 /* Salad Bowl */ = {
			isa = PBXNativeTarget;
			buildConfigurationList = E76B8CF923C658E200124158 /* Build configuration list for PBXNativeTarget "Salad Bowl" */;
			buildPhases = (
				E76B8CC823C658DE00124158 /* Sources */,
				E76B8CC923C658DE00124158 /* Frameworks */,
				E76B8CCA23C658DE00124158 /* Resources */,
			);
			buildRules = (
			);
			dependencies = (
			);
			name = "Salad Bowl";
			productName = "Salad Bowl";
			productReference = E76B8CCC23C658DE00124158 /* Salad Bowl.app */;
			productType = "com.apple.product-type.application";
		};
		E76B8CE423C658E200124158 /* Salad BowlTests */ = {
			isa = PBXNativeTarget;
			buildConfigurationList = E76B8CFC23C658E200124158 /* Build configuration list for PBXNativeTarget "Salad BowlTests" */;
			buildPhases = (
				E76B8CE123C658E200124158 /* Sources */,
				E76B8CE223C658E200124158 /* Frameworks */,
				E76B8CE323C658E200124158 /* Resources */,
			);
			buildRules = (
			);
			dependencies = (
				E76B8CE723C658E200124158 /* PBXTargetDependency */,
			);
			name = "Salad BowlTests";
			productName = "Salad BowlTests";
			productReference = E76B8CE523C658E200124158 /* Salad BowlTests.xctest */;
			productType = "com.apple.product-type.bundle.unit-test";
		};
		E76B8CEF23C658E200124158 /* Salad BowlUITests */ = {
			isa = PBXNativeTarget;
			buildConfigurationList = E76B8CFF23C658E200124158 /* Build configuration list for PBXNativeTarget "Salad BowlUITests" */;
			buildPhases = (
				E76B8CEC23C658E200124158 /* Sources */,
				E76B8CED23C658E200124158 /* Frameworks */,
				E76B8CEE23C658E200124158 /* Resources */,
			);
			buildRules = (
			);
			dependencies = (
				E76B8CF223C658E200124158 /* PBXTargetDependency */,
			);
			name = "Salad BowlUITests";
			productName = "Salad BowlUITests";
			productReference = E76B8CF023C658E200124158 /* Salad BowlUITests.xctest */;
			productType = "com.apple.product-type.bundle.ui-testing";
		};
/* End PBXNativeTarget section */

/* Begin PBXProject section */
		E76B8CC423C658DE00124158 /* Project object */ = {
			isa = PBXProject;
			attributes = {
				LastSwiftUpdateCheck = 1130;
				LastUpgradeCheck = 1130;
				ORGANIZATIONNAME = Oper;
				TargetAttributes = {
					E76B8CCB23C658DE00124158 = {
						CreatedOnToolsVersion = 11.3;
					};
					E76B8CE423C658E200124158 = {
						CreatedOnToolsVersion = 11.3;
						TestTargetID = E76B8CCB23C658DE00124158;
					};
					E76B8CEF23C658E200124158 = {
						CreatedOnToolsVersion = 11.3;
						TestTargetID = E76B8CCB23C658DE00124158;
					};
				};
			};
			buildConfigurationList = E76B8CC723C658DE00124158 /* Build configuration list for PBXProject "Salad Bowl" */;
			compatibilityVersion = "Xcode 9.3";
			developmentRegion = en;
			hasScannedForEncodings = 0;
			knownRegions = (
				en,
				Base,
			);
			mainGroup = E76B8CC323C658DE00124158;
			productRefGroup = E76B8CCD23C658DE00124158 /* Products */;
			projectDirPath = "";
			projectRoot = "";
			targets = (
				E76B8CCB23C658DE00124158 /* Salad Bowl */,
				E76B8CE423C658E200124158 /* Salad BowlTests */,
				E76B8CEF23C658E200124158 /* Salad BowlUITests */,
			);
		};
/* End PBXProject section */

/* Begin PBXResourcesBuildPhase section */
		E76B8CCA23C658DE00124158 /* Resources */ = {
			isa = PBXResourcesBuildPhase;
			buildActionMask = 2147483647;
			files = (
				E76B8CDF23C658E200124158 /* LaunchScreen.storyboard in Resources */,
				E76B8CDC23C658E200124158 /* Preview Assets.xcassets in Resources */,
				E76B8CD923C658E200124158 /* Assets.xcassets in Resources */,
			);
			runOnlyForDeploymentPostprocessing = 0;
		};
		E76B8CE323C658E200124158 /* Resources */ = {
			isa = PBXResourcesBuildPhase;
			buildActionMask = 2147483647;
			files = (
			);
			runOnlyForDeploymentPostprocessing = 0;
		};
		E76B8CEE23C658E200124158 /* Resources */ = {
			isa = PBXResourcesBuildPhase;
			buildActionMask = 2147483647;
			files = (
			);
			runOnlyForDeploymentPostprocessing = 0;
		};
/* End PBXResourcesBuildPhase section */

/* Begin PBXSourcesBuildPhase section */
		E76B8CC823C658DE00124158 /* Sources */ = {
			isa = PBXSourcesBuildPhase;
			buildActionMask = 2147483647;
			files = (
				E76B8CD023C658DE00124158 /* AppDelegate.swift in Sources */,
				E76B8CD523C658DE00124158 /* Salad_Bowl.xcdatamodeld in Sources */,
				E76B8D0323C6937F00124158 /* HomeView.swift in Sources */,
				E76B8CD223C658DE00124158 /* SceneDelegate.swift in Sources */,
			);
			runOnlyForDeploymentPostprocessing = 0;
		};
		E76B8CE123C658E200124158 /* Sources */ = {
			isa = PBXSourcesBuildPhase;
			buildActionMask = 2147483647;
			files = (
				E76B8CEA23C658E200124158 /* Salad_BowlTests.swift in Sources */,
			);
			runOnlyForDeploymentPostprocessing = 0;
		};
		E76B8CEC23C658E200124158 /* Sources */ = {
			isa = PBXSourcesBuildPhase;
			buildActionMask = 2147483647;
			files = (
				E76B8CF523C658E200124158 /* Salad_BowlUITests.swift in Sources */,
			);
			runOnlyForDeploymentPostprocessing = 0;
		};
/* End PBXSourcesBuildPhase section */

/* Begin PBXTargetDependency section */
		E76B8CE723C658E200124158 /* PBXTargetDependency */ = {
			isa = PBXTargetDependency;
			target = E76B8CCB23C658DE00124158 /* Salad Bowl */;
			targetProxy = E76B8CE623C658E200124158 /* PBXContainerItemProxy */;
		};
		E76B8CF223C658E200124158 /* PBXTargetDependency */ = {
			isa = PBXTargetDependency;
			target = E76B8CCB23C658DE00124158 /* Salad Bowl */;
			targetProxy = E76B8CF123C658E200124158 /* PBXContainerItemProxy */;
		};
/* End PBXTargetDependency section */

/* Begin PBXVariantGroup section */
		E76B8CDD23C658E200124158 /* LaunchScreen.storyboard */ = {
			isa = PBXVariantGroup;
			children = (
				E76B8CDE23C658E200124158 /* Base */,
			);
			name = LaunchScreen.storyboard;
			sourceTree = "<group>";
		};
/* End PBXVariantGroup section */

/* Begin XCBuildConfiguration section */
		E76B8CF723C658E200124158 /* Debug */ = {
			isa = XCBuildConfiguration;
			buildSettings = {
				ALWAYS_SEARCH_USER_PATHS = NO;
				CLANG_ANALYZER_NONNULL = YES;
				CLANG_ANALYZER_NUMBER_OBJECT_CONVERSION = YES_AGGRESSIVE;
				CLANG_CXX_LANGUAGE_STANDARD = "gnu++14";
				CLANG_CXX_LIBRARY = "libc++";
				CLANG_ENABLE_MODULES = YES;
				CLANG_ENABLE_OBJC_ARC = YES;
				CLANG_ENABLE_OBJC_WEAK = YES;
				CLANG_WARN_BLOCK_CAPTURE_AUTORELEASING = YES;
				CLANG_WARN_BOOL_CONVERSION = YES;
				CLANG_WARN_COMMA = YES;
				CLANG_WARN_CONSTANT_CONVERSION = YES;
				CLANG_WARN_DEPRECATED_OBJC_IMPLEMENTATIONS = YES;
				CLANG_WARN_DIRECT_OBJC_ISA_USAGE = YES_ERROR;
				CLANG_WARN_DOCUMENTATION_COMMENTS = YES;
				CLANG_WARN_EMPTY_BODY = YES;
				CLANG_WARN_ENUM_CONVERSION = YES;
				CLANG_WARN_INFINITE_RECURSION = YES;
				CLANG_WARN_INT_CONVERSION = YES;
				CLANG_WARN_NON_LITERAL_NULL_CONVERSION = YES;
				CLANG_WARN_OBJC_IMPLICIT_RETAIN_SELF = YES;
				CLANG_WARN_OBJC_LITERAL_CONVERSION = YES;
				CLANG_WARN_OBJC_ROOT_CLASS = YES_ERROR;
				CLANG_WARN_RANGE_LOOP_ANALYSIS = YES;
				CLANG_WARN_STRICT_PROTOTYPES = YES;
				CLANG_WARN_SUSPICIOUS_MOVE = YES;
				CLANG_WARN_UNGUARDED_AVAILABILITY = YES_AGGRESSIVE;
				CLANG_WARN_UNREACHABLE_CODE = YES;
				CLANG_WARN__DUPLICATE_METHOD_MATCH = YES;
				COPY_PHASE_STRIP = NO;
				DEBUG_INFORMATION_FORMAT = dwarf;
				ENABLE_STRICT_OBJC_MSGSEND = YES;
				ENABLE_TESTABILITY = YES;
				GCC_C_LANGUAGE_STANDARD = gnu11;
				GCC_DYNAMIC_NO_PIC = NO;
				GCC_NO_COMMON_BLOCKS = YES;
				GCC_OPTIMIZATION_LEVEL = 0;
				GCC_PREPROCESSOR_DEFINITIONS = (
					"DEBUG=1",
					"$(inherited)",
				);
				GCC_WARN_64_TO_32_BIT_CONVERSION = YES;
				GCC_WARN_ABOUT_RETURN_TYPE = YES_ERROR;
				GCC_WARN_UNDECLARED_SELECTOR = YES;
				GCC_WARN_UNINITIALIZED_AUTOS = YES_AGGRESSIVE;
				GCC_WARN_UNUSED_FUNCTION = YES;
				GCC_WARN_UNUSED_VARIABLE = YES;
				IPHONEOS_DEPLOYMENT_TARGET = 13.2;
				MTL_ENABLE_DEBUG_INFO = INCLUDE_SOURCE;
				MTL_FAST_MATH = YES;
				ONLY_ACTIVE_ARCH = YES;
				SDKROOT = iphoneos;
				SWIFT_ACTIVE_COMPILATION_CONDITIONS = DEBUG;
				SWIFT_OPTIMIZATION_LEVEL = "-Onone";
			};
			name = Debug;
		};
		E76B8CF823C658E200124158 /* Release */ = {
			isa = XCBuildConfiguration;
			buildSettings = {
				ALWAYS_SEARCH_USER_PATHS = NO;
				CLANG_ANALYZER_NONNULL = YES;
				CLANG_ANALYZER_NUMBER_OBJECT_CONVERSION = YES_AGGRESSIVE;
				CLANG_CXX_LANGUAGE_STANDARD = "gnu++14";
				CLANG_CXX_LIBRARY = "libc++";
				CLANG_ENABLE_MODULES = YES;
				CLANG_ENABLE_OBJC_ARC = YES;
				CLANG_ENABLE_OBJC_WEAK = YES;
				CLANG_WARN_BLOCK_CAPTURE_AUTORELEASING = YES;
				CLANG_WARN_BOOL_CONVERSION = YES;
				CLANG_WARN_COMMA = YES;
				CLANG_WARN_CONSTANT_CONVERSION = YES;
				CLANG_WARN_DEPRECATED_OBJC_IMPLEMENTATIONS = YES;
				CLANG_WARN_DIRECT_OBJC_ISA_USAGE = YES_ERROR;
				CLANG_WARN_DOCUMENTATION_COMMENTS = YES;
				CLANG_WARN_EMPTY_BODY = YES;
				CLANG_WARN_ENUM_CONVERSION = YES;
				CLANG_WARN_INFINITE_RECURSION = YES;
				CLANG_WARN_INT_CONVERSION = YES;
				CLANG_WARN_NON_LITERAL_NULL_CONVERSION = YES;
				CLANG_WARN_OBJC_IMPLICIT_RETAIN_SELF = YES;
				CLANG_WARN_OBJC_LITERAL_CONVERSION = YES;
				CLANG_WARN_OBJC_ROOT_CLASS = YES_ERROR;
				CLANG_WARN_RANGE_LOOP_ANALYSIS = YES;
				CLANG_WARN_STRICT_PROTOTYPES = YES;
				CLANG_WARN_SUSPICIOUS_MOVE = YES;
				CLANG_WARN_UNGUARDED_AVAILABILITY = YES_AGGRESSIVE;
				CLANG_WARN_UNREACHABLE_CODE = YES;
				CLANG_WARN__DUPLICATE_METHOD_MATCH = YES;
				COPY_PHASE_STRIP = NO;
				DEBUG_INFORMATION_FORMAT = "dwarf-with-dsym";
				ENABLE_NS_ASSERTIONS = NO;
				ENABLE_STRICT_OBJC_MSGSEND = YES;
				GCC_C_LANGUAGE_STANDARD = gnu11;
				GCC_NO_COMMON_BLOCKS = YES;
				GCC_WARN_64_TO_32_BIT_CONVERSION = YES;
				GCC_WARN_ABOUT_RETURN_TYPE = YES_ERROR;
				GCC_WARN_UNDECLARED_SELECTOR = YES;
				GCC_WARN_UNINITIALIZED_AUTOS = YES_AGGRESSIVE;
				GCC_WARN_UNUSED_FUNCTION = YES;
				GCC_WARN_UNUSED_VARIABLE = YES;
				IPHONEOS_DEPLOYMENT_TARGET = 13.2;
				MTL_ENABLE_DEBUG_INFO = NO;
				MTL_FAST_MATH = YES;
				SDKROOT = iphoneos;
				SWIFT_COMPILATION_MODE = wholemodule;
				SWIFT_OPTIMIZATION_LEVEL = "-O";
				VALIDATE_PRODUCT = YES;
			};
			name = Release;
		};
		E76B8CFA23C658E200124158 /* Debug */ = {
			isa = XCBuildConfiguration;
			buildSettings = {
				ASSETCATALOG_COMPILER_APPICON_NAME = AppIcon;
				CODE_SIGN_STYLE = Automatic;
				DEVELOPMENT_ASSET_PATHS = "\"Salad Bowl/Preview Content\"";
				ENABLE_PREVIEWS = YES;
				INFOPLIST_FILE = "Salad Bowl/Info.plist";
				LD_RUNPATH_SEARCH_PATHS = (
					"$(inherited)",
					"@executable_path/Frameworks",
				);
				PRODUCT_BUNDLE_IDENTIFIER = "Oper.Salad-Bowl";
				PRODUCT_NAME = "$(TARGET_NAME)";
				SWIFT_VERSION = 5.0;
				TARGETED_DEVICE_FAMILY = "1,2";
			};
			name = Debug;
		};
		E76B8CFB23C658E200124158 /* Release */ = {
			isa = XCBuildConfiguration;
			buildSettings = {
				ASSETCATALOG_COMPILER_APPICON_NAME = AppIcon;
				CODE_SIGN_STYLE = Automatic;
				DEVELOPMENT_ASSET_PATHS = "\"Salad Bowl/Preview Content\"";
				ENABLE_PREVIEWS = YES;
				INFOPLIST_FILE = "Salad Bowl/Info.plist";
				LD_RUNPATH_SEARCH_PATHS = (
					"$(inherited)",
					"@executable_path/Frameworks",
				);
				PRODUCT_BUNDLE_IDENTIFIER = "Oper.Salad-Bowl";
				PRODUCT_NAME = "$(TARGET_NAME)";
				SWIFT_VERSION = 5.0;
				TARGETED_DEVICE_FAMILY = "1,2";
			};
			name = Release;
		};
		E76B8CFD23C658E200124158 /* Debug */ = {
			isa = XCBuildConfiguration;
			buildSettings = {
				ALWAYS_EMBED_SWIFT_STANDARD_LIBRARIES = YES;
				BUNDLE_LOADER = "$(TEST_HOST)";
				CODE_SIGN_STYLE = Automatic;
				INFOPLIST_FILE = "Salad BowlTests/Info.plist";
				IPHONEOS_DEPLOYMENT_TARGET = 13.2;
				LD_RUNPATH_SEARCH_PATHS = (
					"$(inherited)",
					"@executable_path/Frameworks",
					"@loader_path/Frameworks",
				);
				PRODUCT_BUNDLE_IDENTIFIER = "Oper.Salad-BowlTests";
				PRODUCT_NAME = "$(TARGET_NAME)";
				SWIFT_VERSION = 5.0;
				TARGETED_DEVICE_FAMILY = "1,2";
				TEST_HOST = "$(BUILT_PRODUCTS_DIR)/Salad Bowl.app/Salad Bowl";
			};
			name = Debug;
		};
		E76B8CFE23C658E200124158 /* Release */ = {
			isa = XCBuildConfiguration;
			buildSettings = {
				ALWAYS_EMBED_SWIFT_STANDARD_LIBRARIES = YES;
				BUNDLE_LOADER = "$(TEST_HOST)";
				CODE_SIGN_STYLE = Automatic;
				INFOPLIST_FILE = "Salad BowlTests/Info.plist";
				IPHONEOS_DEPLOYMENT_TARGET = 13.2;
				LD_RUNPATH_SEARCH_PATHS = (
					"$(inherited)",
					"@executable_path/Frameworks",
					"@loader_path/Frameworks",
				);
				PRODUCT_BUNDLE_IDENTIFIER = "Oper.Salad-BowlTests";
				PRODUCT_NAME = "$(TARGET_NAME)";
				SWIFT_VERSION = 5.0;
				TARGETED_DEVICE_FAMILY = "1,2";
				TEST_HOST = "$(BUILT_PRODUCTS_DIR)/Salad Bowl.app/Salad Bowl";
			};
			name = Release;
		};
		E76B8D0023C658E200124158 /* Debug */ = {
			isa = XCBuildConfiguration;
			buildSettings = {
				ALWAYS_EMBED_SWIFT_STANDARD_LIBRARIES = YES;
				CODE_SIGN_STYLE = Automatic;
				INFOPLIST_FILE = "Salad BowlUITests/Info.plist";
				LD_RUNPATH_SEARCH_PATHS = (
					"$(inherited)",
					"@executable_path/Frameworks",
					"@loader_path/Frameworks",
				);
				PRODUCT_BUNDLE_IDENTIFIER = "Oper.Salad-BowlUITests";
				PRODUCT_NAME = "$(TARGET_NAME)";
				SWIFT_VERSION = 5.0;
				TARGETED_DEVICE_FAMILY = "1,2";
				TEST_TARGET_NAME = "Salad Bowl";
			};
			name = Debug;
		};
		E76B8D0123C658E200124158 /* Release */ = {
			isa = XCBuildConfiguration;
			buildSettings = {
				ALWAYS_EMBED_SWIFT_STANDARD_LIBRARIES = YES;
				CODE_SIGN_STYLE = Automatic;
				INFOPLIST_FILE = "Salad BowlUITests/Info.plist";
				LD_RUNPATH_SEARCH_PATHS = (
					"$(inherited)",
					"@executable_path/Frameworks",
					"@loader_path/Frameworks",
				);
				PRODUCT_BUNDLE_IDENTIFIER = "Oper.Salad-BowlUITests";
				PRODUCT_NAME = "$(TARGET_NAME)";
				SWIFT_VERSION = 5.0;
				TARGETED_DEVICE_FAMILY = "1,2";
				TEST_TARGET_NAME = "Salad Bowl";
			};
			name = Release;
		};
/* End XCBuildConfiguration section */

/* Begin XCConfigurationList section */
		E76B8CC723C658DE00124158 /* Build configuration list for PBXProject "Salad Bowl" */ = {
			isa = XCConfigurationList;
			buildConfigurations = (
				E76B8CF723C658E200124158 /* Debug */,
				E76B8CF823C658E200124158 /* Release */,
			);
			defaultConfigurationIsVisible = 0;
			defaultConfigurationName = Release;
		};
		E76B8CF923C658E200124158 /* Build configuration list for PBXNativeTarget "Salad Bowl" */ = {
			isa = XCConfigurationList;
			buildConfigurations = (
				E76B8CFA23C658E200124158 /* Debug */,
				E76B8CFB23C658E200124158 /* Release */,
			);
			defaultConfigurationIsVisible = 0;
			defaultConfigurationName = Release;
		};
		E76B8CFC23C658E200124158 /* Build configuration list for PBXNativeTarget "Salad BowlTests" */ = {
			isa = XCConfigurationList;
			buildConfigurations = (
				E76B8CFD23C658E200124158 /* Debug */,
				E76B8CFE23C658E200124158 /* Release */,
			);
			defaultConfigurationIsVisible = 0;
			defaultConfigurationName = Release;
		};
		E76B8CFF23C658E200124158 /* Build configuration list for PBXNativeTarget "Salad BowlUITests" */ = {
			isa = XCConfigurationList;
			buildConfigurations = (
				E76B8D0023C658E200124158 /* Debug */,
				E76B8D0123C658E200124158 /* Release */,
			);
			defaultConfigurationIsVisible = 0;
			defaultConfigurationName = Release;
		};
/* End XCConfigurationList section */

/* Begin XCVersionGroup section */
		E76B8CD323C658DE00124158 /* Salad_Bowl.xcdatamodeld */ = {
			isa = XCVersionGroup;
			children = (
				E76B8CD423C658DE00124158 /* Salad_Bowl.xcdatamodel */,
			);
			currentVersion = E76B8CD423C658DE00124158 /* Salad_Bowl.xcdatamodel */;
			path = Salad_Bowl.xcdatamodeld;
			sourceTree = "<group>";
			versionGroupType = wrapper.xcdatamodel;
		};
/* End XCVersionGroup section */
	};
	rootObject = E76B8CC423C658DE00124158 /* Project object */;
}
